
Microsoft Visual Studio Solution File, Format Version 12.00
# Visual Studio Version 17
VisualStudioVersion = 17.10.36631.13
MinimumVisualStudioVersion = 10.0.40219.1
Project("{FAE04EC0-301F-11D3-BF4B-00C04F79EFBC}") = "SpeedSolution", "SpeedSolution.csproj", "{E81F9304-FD00-4D47-A59B-18C2A12EA59B}"
EndProject
Global
	GlobalSection(SolutionConfigurationPlatforms) = preSolution
		Debug|Any CPU = Debug|Any CPU
		Release|Any CPU = Release|Any CPU
	EndGlobalSection
	GlobalSection(ProjectConfigurationPlatforms) = postSolution
		{E81F9304-FD00-4D47-A59B-18C2A12EA59B}.Debug|Any CPU.ActiveCfg = Debug|Any CPU
		{E81F9304-FD00-4D47-A59B-18C2A12EA59B}.Debug|Any CPU.Build.0 = Debug|Any CPU
		{E81F9304-FD00-4D47-A59B-18C2A12EA59B}.Release|Any CPU.ActiveCfg = Release|Any CPU
		{E81F9304-FD00-4D47-A59B-18C2A12EA59B}.Release|Any CPU.Build.0 = Release|Any CPU
	EndGlobalSection
	GlobalSection(SolutionProperties) = preSolution
		HideSolutionNode = FALSE
	EndGlobalSection
	GlobalSection(ExtensibilityGlobals) = postSolution
		SolutionGuid = {AB36C8D7-D499-4CF8-9D07-BEFB5108507B}
	EndGlobalSection
EndGlobal
